// !$*UTF8*$!
{
	archiveVersion = 1;
	classes = {
	};
	objectVersion = 46;
	objects = {

/* Begin PBXBuildFile section */
		1A304A59169E17F300DB0DF0 /* JATemplateOperatorTests.m in Sources */ = {isa = PBXBuildFile; fileRef = 1A304A58169E17F300DB0DF0 /* JATemplateOperatorTests.m */; };
		1A304A5A169E21B200DB0DF0 /* Localizable.strings in Resources */ = {isa = PBXBuildFile; fileRef = 1AF27503169CD60100831BDB /* Localizable.strings */; };
		1A3AA4CC16BC345E00399FD5 /* JATemplateCastTests.m in Sources */ = {isa = PBXBuildFile; fileRef = 1A3AA4CB16BC345E00399FD5 /* JATemplateCastTests.m */; };
		1A3AA4CE16BC350800399FD5 /* JATemplateCastTestsCpp.mm in Sources */ = {isa = PBXBuildFile; fileRef = 1A3AA4CD16BC350800399FD5 /* JATemplateCastTestsCpp.mm */; };
		1ABDBA73169AFF0100846E17 /* Cocoa.framework in Frameworks */ = {isa = PBXBuildFile; fileRef = 1ABDBA72169AFF0100846E17 /* Cocoa.framework */; };
		1ABDBA7D169AFF0100846E17 /* InfoPlist.strings in Resources */ = {isa = PBXBuildFile; fileRef = 1ABDBA7B169AFF0100846E17 /* InfoPlist.strings */; };
		1ABDBA7F169AFF0100846E17 /* main.m in Sources */ = {isa = PBXBuildFile; fileRef = 1ABDBA7E169AFF0100846E17 /* main.m */; };
		1ABDBA83169AFF0100846E17 /* Credits.rtf in Resources */ = {isa = PBXBuildFile; fileRef = 1ABDBA81169AFF0100846E17 /* Credits.rtf */; };
		1ABDBA86169AFF0100846E17 /* JATAppDelegate.m in Sources */ = {isa = PBXBuildFile; fileRef = 1ABDBA85169AFF0100846E17 /* JATAppDelegate.m */; settings = {COMPILER_FLAGS = "-fno-objc-arc"; }; };
		1ABDBA89169AFF0100846E17 /* MainMenu.xib in Resources */ = {isa = PBXBuildFile; fileRef = 1ABDBA87169AFF0100846E17 /* MainMenu.xib */; };
		1ABDBA92169AFF0200846E17 /* Cocoa.framework in Frameworks */ = {isa = PBXBuildFile; fileRef = 1ABDBA72169AFF0100846E17 /* Cocoa.framework */; };
		1ABDBA9A169AFF0200846E17 /* InfoPlist.strings in Resources */ = {isa = PBXBuildFile; fileRef = 1ABDBA98169AFF0200846E17 /* InfoPlist.strings */; };
		1ABDBA9D169AFF0200846E17 /* JATemplateTests.m in Sources */ = {isa = PBXBuildFile; fileRef = 1ABDBA9C169AFF0200846E17 /* JATemplateTests.m */; };
		1ABDBAA8169B019000846E17 /* JATemplateCore.m in Sources */ = {isa = PBXBuildFile; fileRef = 1ABDBAA7169B019000846E17 /* JATemplateCore.m */; };
		1ABDBAA9169B019000846E17 /* JATemplateCore.m in Sources */ = {isa = PBXBuildFile; fileRef = 1ABDBAA7169B019000846E17 /* JATemplateCore.m */; settings = {COMPILER_FLAGS = "-fobjc-arc"; }; };
		1AD41C1216ADDE2100E72D89 /* JATemplateDefaultOperators.m in Sources */ = {isa = PBXBuildFile; fileRef = 1AD41C1116ADDE2100E72D89 /* JATemplateDefaultOperators.m */; };
		1AD41C1316ADDE2100E72D89 /* JATemplateDefaultOperators.m in Sources */ = {isa = PBXBuildFile; fileRef = 1AD41C1116ADDE2100E72D89 /* JATemplateDefaultOperators.m */; settings = {COMPILER_FLAGS = "-fobjc-arc"; }; };
		1AD4298716AFE06700ED323A /* Foundation.framework in Frameworks */ = {isa = PBXBuildFile; fileRef = 1AD4298616AFE06700ED323A /* Foundation.framework */; };
		1AD4299516AFE15900ED323A /* JATConstructFuzzTest.m in Sources */ = {isa = PBXBuildFile; fileRef = 1AD4299416AFE15900ED323A /* JATConstructFuzzTest.m */; };
		1AD4299616AFE1D600ED323A /* JATemplateCore.m in Sources */ = {isa = PBXBuildFile; fileRef = 1ABDBAA7169B019000846E17 /* JATemplateCore.m */; };
		1AD4299716AFE1D900ED323A /* JATemplateDefaultOperators.m in Sources */ = {isa = PBXBuildFile; fileRef = 1AD41C1116ADDE2100E72D89 /* JATemplateDefaultOperators.m */; };
		1AD429A016B086E300ED323A /* JATConstructFuzzTest.m in Sources */ = {isa = PBXBuildFile; fileRef = 1AD4299416AFE15900ED323A /* JATConstructFuzzTest.m */; };
		1AD429A116B086E300ED323A /* JATemplateCore.m in Sources */ = {isa = PBXBuildFile; fileRef = 1ABDBAA7169B019000846E17 /* JATemplateCore.m */; };
		1AD429A216B086E300ED323A /* JATemplateDefaultOperators.m in Sources */ = {isa = PBXBuildFile; fileRef = 1AD41C1116ADDE2100E72D89 /* JATemplateDefaultOperators.m */; };
		1AD429A416B086E300ED323A /* Foundation.framework in Frameworks */ = {isa = PBXBuildFile; fileRef = 1AD4298616AFE06700ED323A /* Foundation.framework */; };
		1AD429AD16B0872600ED323A /* MalignFuzzer.m in Sources */ = {isa = PBXBuildFile; fileRef = 1AD429AC16B0872600ED323A /* MalignFuzzer.m */; };
		1AD429AE16B0897000ED323A /* BenignFuzzer.m in Sources */ = {isa = PBXBuildFile; fileRef = 1AD4298916AFE06700ED323A /* BenignFuzzer.m */; };
		1AF27505169CD60100831BDB /* Localizable.strings in Resources */ = {isa = PBXBuildFile; fileRef = 1AF27503169CD60100831BDB /* Localizable.strings */; };
/* End PBXBuildFile section */

/* Begin PBXContainerItemProxy section */
		1ABDBA93169AFF0200846E17 /* PBXContainerItemProxy */ = {
			isa = PBXContainerItemProxy;
			containerPortal = 1ABDBA65169AFF0100846E17 /* Project object */;
			proxyType = 1;
			remoteGlobalIDString = 1ABDBA6D169AFF0100846E17;
			remoteInfo = JATemplate;
		};
/* End PBXContainerItemProxy section */

/* Begin PBXCopyFilesBuildPhase section */
		1AD4298216AFE06700ED323A /* CopyFiles */ = {
			isa = PBXCopyFilesBuildPhase;
			buildActionMask = 2147483647;
			dstPath = /usr/share/man/man1/;
			dstSubfolderSpec = 0;
			files = (
			);
			runOnlyForDeploymentPostprocessing = 1;
		};
		1AD429A516B086E300ED323A /* CopyFiles */ = {
			isa = PBXCopyFilesBuildPhase;
			buildActionMask = 2147483647;
			dstPath = /usr/share/man/man1/;
			dstSubfolderSpec = 0;
			files = (
			);
			runOnlyForDeploymentPostprocessing = 1;
		};
/* End PBXCopyFilesBuildPhase section */

/* Begin PBXFileReference section */
		1A304A58169E17F300DB0DF0 /* JATemplateOperatorTests.m */ = {isa = PBXFileReference; fileEncoding = 4; lastKnownFileType = sourcecode.c.objc; path = JATemplateOperatorTests.m; sourceTree = "<group>"; };
		1A3094AE16BD82FA008DB168 /* JATemplateInternal.h */ = {isa = PBXFileReference; fileEncoding = 4; lastKnownFileType = sourcecode.c.h; path = JATemplateInternal.h; sourceTree = "<group>"; };
		1A3AA4CB16BC345E00399FD5 /* JATemplateCastTests.m */ = {isa = PBXFileReference; fileEncoding = 4; lastKnownFileType = sourcecode.c.objc; path = JATemplateCastTests.m; sourceTree = "<group>"; };
		1A3AA4CD16BC350800399FD5 /* JATemplateCastTestsCpp.mm */ = {isa = PBXFileReference; fileEncoding = 4; lastKnownFileType = sourcecode.cpp.objcpp; path = JATemplateCastTestsCpp.mm; sourceTree = "<group>"; };
		1A5354E916A7FA6E008F411D /* JATemplateTests-Prefix.pch */ = {isa = PBXFileReference; fileEncoding = 4; lastKnownFileType = sourcecode.c.h; path = "JATemplateTests-Prefix.pch"; sourceTree = "<group>"; };
		1ABDBA6E169AFF0100846E17 /* JATemplate.app */ = {isa = PBXFileReference; explicitFileType = wrapper.application; includeInIndex = 0; path = JATemplate.app; sourceTree = BUILT_PRODUCTS_DIR; };
		1ABDBA72169AFF0100846E17 /* Cocoa.framework */ = {isa = PBXFileReference; lastKnownFileType = wrapper.framework; name = Cocoa.framework; path = System/Library/Frameworks/Cocoa.framework; sourceTree = SDKROOT; };
		1ABDBA75169AFF0100846E17 /* AppKit.framework */ = {isa = PBXFileReference; lastKnownFileType = wrapper.framework; name = AppKit.framework; path = System/Library/Frameworks/AppKit.framework; sourceTree = SDKROOT; };
		1ABDBA76169AFF0100846E17 /* CoreData.framework */ = {isa = PBXFileReference; lastKnownFileType = wrapper.framework; name = CoreData.framework; path = System/Library/Frameworks/CoreData.framework; sourceTree = SDKROOT; };
		1ABDBA77169AFF0100846E17 /* Foundation.framework */ = {isa = PBXFileReference; lastKnownFileType = wrapper.framework; name = Foundation.framework; path = System/Library/Frameworks/Foundation.framework; sourceTree = SDKROOT; };
		1ABDBA7A169AFF0100846E17 /* JATemplate-Info.plist */ = {isa = PBXFileReference; lastKnownFileType = text.plist.xml; path = "JATemplate-Info.plist"; sourceTree = "<group>"; };
		1ABDBA7C169AFF0100846E17 /* en */ = {isa = PBXFileReference; lastKnownFileType = text.plist.strings; name = en; path = en.lproj/InfoPlist.strings; sourceTree = "<group>"; };
		1ABDBA7E169AFF0100846E17 /* main.m */ = {isa = PBXFileReference; lastKnownFileType = sourcecode.c.objc; path = main.m; sourceTree = "<group>"; };
		1ABDBA80169AFF0100846E17 /* JATemplate-Prefix.pch */ = {isa = PBXFileReference; lastKnownFileType = sourcecode.c.h; path = "JATemplate-Prefix.pch"; sourceTree = "<group>"; };
		1ABDBA82169AFF0100846E17 /* en */ = {isa = PBXFileReference; lastKnownFileType = text.rtf; name = en; path = en.lproj/Credits.rtf; sourceTree = "<group>"; };
		1ABDBA84169AFF0100846E17 /* JATAppDelegate.h */ = {isa = PBXFileReference; lastKnownFileType = sourcecode.c.h; path = JATAppDelegate.h; sourceTree = "<group>"; };
		1ABDBA85169AFF0100846E17 /* JATAppDelegate.m */ = {isa = PBXFileReference; lastKnownFileType = sourcecode.c.objc; path = JATAppDelegate.m; sourceTree = "<group>"; };
		1ABDBA88169AFF0100846E17 /* en */ = {isa = PBXFileReference; lastKnownFileType = file.xib; name = en; path = en.lproj/MainMenu.xib; sourceTree = "<group>"; };
		1ABDBA8F169AFF0200846E17 /* JATemplateTests.xctest */ = {isa = PBXFileReference; explicitFileType = wrapper.cfbundle; includeInIndex = 0; path = JATemplateTests.xctest; sourceTree = BUILT_PRODUCTS_DIR; };
		1ABDBA97169AFF0200846E17 /* JATemplateTests-Info.plist */ = {isa = PBXFileReference; lastKnownFileType = text.plist.xml; path = "JATemplateTests-Info.plist"; sourceTree = "<group>"; };
		1ABDBA99169AFF0200846E17 /* en */ = {isa = PBXFileReference; lastKnownFileType = text.plist.strings; name = en; path = en.lproj/InfoPlist.strings; sourceTree = "<group>"; };
		1ABDBA9B169AFF0200846E17 /* JATemplateTests.h */ = {isa = PBXFileReference; lastKnownFileType = sourcecode.c.h; path = JATemplateTests.h; sourceTree = "<group>"; };
		1ABDBA9C169AFF0200846E17 /* JATemplateTests.m */ = {isa = PBXFileReference; lastKnownFileType = sourcecode.c.objc; path = JATemplateTests.m; sourceTree = "<group>"; };
		1ABDBAA6169B019000846E17 /* JATemplate.h */ = {isa = PBXFileReference; fileEncoding = 4; lastKnownFileType = sourcecode.c.h; path = JATemplate.h; sourceTree = "<group>"; };
		1ABDBAA7169B019000846E17 /* JATemplateCore.m */ = {isa = PBXFileReference; fileEncoding = 4; lastKnownFileType = sourcecode.c.objc; path = JATemplateCore.m; sourceTree = "<group>"; };
		1AD41C1116ADDE2100E72D89 /* JATemplateDefaultOperators.m */ = {isa = PBXFileReference; fileEncoding = 4; lastKnownFileType = sourcecode.c.objc; name = JATemplateDefaultOperators.m; path = JATemplate/JATemplateDefaultOperators.m; sourceTree = SOURCE_ROOT; };
		1AD4298416AFE06700ED323A /* JATemplateBenignFuzzer */ = {isa = PBXFileReference; explicitFileType = "compiled.mach-o.executable"; includeInIndex = 0; path = JATemplateBenignFuzzer; sourceTree = BUILT_PRODUCTS_DIR; };
		1AD4298616AFE06700ED323A /* Foundation.framework */ = {isa = PBXFileReference; lastKnownFileType = wrapper.framework; name = Foundation.framework; path = System/Library/Frameworks/Foundation.framework; sourceTree = SDKROOT; };
		1AD4298916AFE06700ED323A /* BenignFuzzer.m */ = {isa = PBXFileReference; lastKnownFileType = sourcecode.c.objc; path = BenignFuzzer.m; sourceTree = "<group>"; };
		1AD4298C16AFE06700ED323A /* JATemplateFuzzer-Prefix.pch */ = {isa = PBXFileReference; lastKnownFileType = sourcecode.c.h; path = "JATemplateFuzzer-Prefix.pch"; sourceTree = "<group>"; };
		1AD4299316AFE15900ED323A /* JATConstructFuzzTest.h */ = {isa = PBXFileReference; fileEncoding = 4; lastKnownFileType = sourcecode.c.h; path = JATConstructFuzzTest.h; sourceTree = "<group>"; };
		1AD4299416AFE15900ED323A /* JATConstructFuzzTest.m */ = {isa = PBXFileReference; fileEncoding = 4; lastKnownFileType = sourcecode.c.objc; path = JATConstructFuzzTest.m; sourceTree = "<group>"; };
		1AD429A916B086E300ED323A /* JATemplateMalignFuzzer */ = {isa = PBXFileReference; explicitFileType = "compiled.mach-o.executable"; includeInIndex = 0; path = JATemplateMalignFuzzer; sourceTree = BUILT_PRODUCTS_DIR; };
		1AD429AC16B0872600ED323A /* MalignFuzzer.m */ = {isa = PBXFileReference; fileEncoding = 4; lastKnownFileType = sourcecode.c.objc; path = MalignFuzzer.m; sourceTree = "<group>"; };
		1AF27504169CD60100831BDB /* en */ = {isa = PBXFileReference; lastKnownFileType = text.plist.strings; name = en; path = en.lproj/Localizable.strings; sourceTree = "<group>"; };
/* End PBXFileReference section */

/* Begin PBXFrameworksBuildPhase section */
		1ABDBA6B169AFF0100846E17 /* Frameworks */ = {
			isa = PBXFrameworksBuildPhase;
			buildActionMask = 2147483647;
			files = (
				1ABDBA73169AFF0100846E17 /* Cocoa.framework in Frameworks */,
			);
			runOnlyForDeploymentPostprocessing = 0;
		};
		1ABDBA8B169AFF0200846E17 /* Frameworks */ = {
			isa = PBXFrameworksBuildPhase;
			buildActionMask = 2147483647;
			files = (
				1ABDBA92169AFF0200846E17 /* Cocoa.framework in Frameworks */,
			);
			runOnlyForDeploymentPostprocessing = 0;
		};
		1AD4298116AFE06700ED323A /* Frameworks */ = {
			isa = PBXFrameworksBuildPhase;
			buildActionMask = 2147483647;
			files = (
				1AD4298716AFE06700ED323A /* Foundation.framework in Frameworks */,
			);
			runOnlyForDeploymentPostprocessing = 0;
		};
		1AD429A316B086E300ED323A /* Frameworks */ = {
			isa = PBXFrameworksBuildPhase;
			buildActionMask = 2147483647;
			files = (
				1AD429A416B086E300ED323A /* Foundation.framework in Frameworks */,
			);
			runOnlyForDeploymentPostprocessing = 0;
		};
/* End PBXFrameworksBuildPhase section */

/* Begin PBXGroup section */
		1ABDBA63169AFF0100846E17 = {
			isa = PBXGroup;
			children = (
				1AC73892169F65AC0067D813 /* Test app */,
				1ABDBA78169AFF0100846E17 /* JATemplate */,
				1ABDBA95169AFF0200846E17 /* JATemplateTests */,
				1AD4298816AFE06700ED323A /* JATemplateFuzzTests */,
				1ABDBA71169AFF0100846E17 /* Frameworks */,
				1ABDBA6F169AFF0100846E17 /* Products */,
			);
			sourceTree = "<group>";
			usesTabs = 1;
		};
		1ABDBA6F169AFF0100846E17 /* Products */ = {
			isa = PBXGroup;
			children = (
				1ABDBA6E169AFF0100846E17 /* JATemplate.app */,
				1ABDBA8F169AFF0200846E17 /* JATemplateTests.xctest */,
				1AD4298416AFE06700ED323A /* JATemplateBenignFuzzer */,
				1AD429A916B086E300ED323A /* JATemplateMalignFuzzer */,
			);
			name = Products;
			sourceTree = "<group>";
		};
		1ABDBA71169AFF0100846E17 /* Frameworks */ = {
			isa = PBXGroup;
			children = (
				1ABDBA72169AFF0100846E17 /* Cocoa.framework */,
				1AD4298616AFE06700ED323A /* Foundation.framework */,
				1ABDBA74169AFF0100846E17 /* Other Frameworks */,
			);
			name = Frameworks;
			sourceTree = "<group>";
		};
		1ABDBA74169AFF0100846E17 /* Other Frameworks */ = {
			isa = PBXGroup;
			children = (
				1ABDBA75169AFF0100846E17 /* AppKit.framework */,
				1ABDBA76169AFF0100846E17 /* CoreData.framework */,
				1ABDBA77169AFF0100846E17 /* Foundation.framework */,
			);
			name = "Other Frameworks";
			sourceTree = "<group>";
		};
		1ABDBA78169AFF0100846E17 /* JATemplate */ = {
			isa = PBXGroup;
			children = (
				1ABDBAA6169B019000846E17 /* JATemplate.h */,
				1A3094AE16BD82FA008DB168 /* JATemplateInternal.h */,
				1ABDBAA7169B019000846E17 /* JATemplateCore.m */,
				1AD41C1116ADDE2100E72D89 /* JATemplateDefaultOperators.m */,
			);
			path = JATemplate;
			sourceTree = "<group>";
		};
		1ABDBA79169AFF0100846E17 /* Supporting Files */ = {
			isa = PBXGroup;
			children = (
				1ABDBA7A169AFF0100846E17 /* JATemplate-Info.plist */,
				1AF27503169CD60100831BDB /* Localizable.strings */,
				1ABDBA7B169AFF0100846E17 /* InfoPlist.strings */,
				1ABDBA7E169AFF0100846E17 /* main.m */,
				1ABDBA80169AFF0100846E17 /* JATemplate-Prefix.pch */,
				1ABDBA81169AFF0100846E17 /* Credits.rtf */,
			);
			name = "Supporting Files";
			sourceTree = "<group>";
		};
		1ABDBA95169AFF0200846E17 /* JATemplateTests */ = {
			isa = PBXGroup;
			children = (
				1ABDBA9B169AFF0200846E17 /* JATemplateTests.h */,
				1ABDBA9C169AFF0200846E17 /* JATemplateTests.m */,
				1A304A58169E17F300DB0DF0 /* JATemplateOperatorTests.m */,
				1A3AA4CB16BC345E00399FD5 /* JATemplateCastTests.m */,
				1A3AA4CD16BC350800399FD5 /* JATemplateCastTestsCpp.mm */,
				1ABDBA96169AFF0200846E17 /* Supporting Files */,
			);
			path = JATemplateTests;
			sourceTree = "<group>";
		};
		1ABDBA96169AFF0200846E17 /* Supporting Files */ = {
			isa = PBXGroup;
			children = (
				1ABDBA97169AFF0200846E17 /* JATemplateTests-Info.plist */,
				1ABDBA98169AFF0200846E17 /* InfoPlist.strings */,
				1A5354E916A7FA6E008F411D /* JATemplateTests-Prefix.pch */,
			);
			name = "Supporting Files";
			sourceTree = "<group>";
		};
		1AC73892169F65AC0067D813 /* Test app */ = {
			isa = PBXGroup;
			children = (
				1ABDBA84169AFF0100846E17 /* JATAppDelegate.h */,
				1ABDBA85169AFF0100846E17 /* JATAppDelegate.m */,
				1ABDBA87169AFF0100846E17 /* MainMenu.xib */,
				1ABDBA79169AFF0100846E17 /* Supporting Files */,
			);
			name = "Test app";
			path = TestApp;
			sourceTree = "<group>";
		};
		1AD4298816AFE06700ED323A /* JATemplateFuzzTests */ = {
			isa = PBXGroup;
			children = (
				1AD4298916AFE06700ED323A /* BenignFuzzer.m */,
				1AD429AC16B0872600ED323A /* MalignFuzzer.m */,
				1AD4298B16AFE06700ED323A /* Supporting Files */,
				1AD4299316AFE15900ED323A /* JATConstructFuzzTest.h */,
				1AD4299416AFE15900ED323A /* JATConstructFuzzTest.m */,
			);
			path = JATemplateFuzzTests;
			sourceTree = "<group>";
		};
		1AD4298B16AFE06700ED323A /* Supporting Files */ = {
			isa = PBXGroup;
			children = (
				1AD4298C16AFE06700ED323A /* JATemplateFuzzer-Prefix.pch */,
			);
			name = "Supporting Files";
			sourceTree = "<group>";
		};
/* End PBXGroup section */

/* Begin PBXNativeTarget section */
		1ABDBA6D169AFF0100846E17 /* JATemplate */ = {
			isa = PBXNativeTarget;
			buildConfigurationList = 1ABDBAA0169AFF0200846E17 /* Build configuration list for PBXNativeTarget "JATemplate" */;
			buildPhases = (
				1ABDBA6A169AFF0100846E17 /* Sources */,
				1ABDBA6B169AFF0100846E17 /* Frameworks */,
				1ABDBA6C169AFF0100846E17 /* Resources */,
			);
			buildRules = (
			);
			dependencies = (
			);
			name = JATemplate;
			productName = JATemplate;
			productReference = 1ABDBA6E169AFF0100846E17 /* JATemplate.app */;
			productType = "com.apple.product-type.application";
		};
		1ABDBA8E169AFF0200846E17 /* JATemplateTests */ = {
			isa = PBXNativeTarget;
			buildConfigurationList = 1ABDBAA3169AFF0200846E17 /* Build configuration list for PBXNativeTarget "JATemplateTests" */;
			buildPhases = (
				1ABDBA8A169AFF0200846E17 /* Sources */,
				1ABDBA8B169AFF0200846E17 /* Frameworks */,
				1ABDBA8C169AFF0200846E17 /* Resources */,
			);
			buildRules = (
			);
			dependencies = (
				1ABDBA94169AFF0200846E17 /* PBXTargetDependency */,
			);
			name = JATemplateTests;
			productName = JATemplateTests;
			productReference = 1ABDBA8F169AFF0200846E17 /* JATemplateTests.xctest */;
			productType = "com.apple.product-type.bundle.unit-test";
		};
		1AD4298316AFE06700ED323A /* JATemplateBenignFuzzer */ = {
			isa = PBXNativeTarget;
			buildConfigurationList = 1AD4299116AFE06700ED323A /* Build configuration list for PBXNativeTarget "JATemplateBenignFuzzer" */;
			buildPhases = (
				1AD4298016AFE06700ED323A /* Sources */,
				1AD4298116AFE06700ED323A /* Frameworks */,
				1AD4298216AFE06700ED323A /* CopyFiles */,
			);
			buildRules = (
			);
			dependencies = (
			);
			name = JATemplateBenignFuzzer;
			productName = JATemplateBenignFuzzer;
			productReference = 1AD4298416AFE06700ED323A /* JATemplateBenignFuzzer */;
			productType = "com.apple.product-type.tool";
		};
		1AD4299D16B086E300ED323A /* JATemplateMalignFuzzer */ = {
			isa = PBXNativeTarget;
			buildConfigurationList = 1AD429A616B086E300ED323A /* Build configuration list for PBXNativeTarget "JATemplateMalignFuzzer" */;
			buildPhases = (
				1AD4299E16B086E300ED323A /* Sources */,
				1AD429A316B086E300ED323A /* Frameworks */,
				1AD429A516B086E300ED323A /* CopyFiles */,
			);
			buildRules = (
			);
			dependencies = (
			);
			name = JATemplateMalignFuzzer;
			productName = JATemplateBenignFuzzer;
			productReference = 1AD429A916B086E300ED323A /* JATemplateMalignFuzzer */;
			productType = "com.apple.product-type.tool";
		};
/* End PBXNativeTarget section */

/* Begin PBXProject section */
		1ABDBA65169AFF0100846E17 /* Project object */ = {
			isa = PBXProject;
			attributes = {
				CLASSPREFIX = JA;
				LastUpgradeCheck = 0920;
				ORGANIZATIONNAME = "Jens Ayton";
			};
			buildConfigurationList = 1ABDBA68169AFF0100846E17 /* Build configuration list for PBXProject "JATemplate" */;
			compatibilityVersion = "Xcode 3.2";
			developmentRegion = English;
			hasScannedForEncodings = 0;
			knownRegions = (
				en,
			);
			mainGroup = 1ABDBA63169AFF0100846E17;
			productRefGroup = 1ABDBA6F169AFF0100846E17 /* Products */;
			projectDirPath = "";
			projectRoot = "";
			targets = (
				1ABDBA6D169AFF0100846E17 /* JATemplate */,
				1ABDBA8E169AFF0200846E17 /* JATemplateTests */,
				1AD4298316AFE06700ED323A /* JATemplateBenignFuzzer */,
				1AD4299D16B086E300ED323A /* JATemplateMalignFuzzer */,
			);
		};
/* End PBXProject section */

/* Begin PBXResourcesBuildPhase section */
		1ABDBA6C169AFF0100846E17 /* Resources */ = {
			isa = PBXResourcesBuildPhase;
			buildActionMask = 2147483647;
			files = (
				1ABDBA7D169AFF0100846E17 /* InfoPlist.strings in Resources */,
				1ABDBA83169AFF0100846E17 /* Credits.rtf in Resources */,
				1ABDBA89169AFF0100846E17 /* MainMenu.xib in Resources */,
				1AF27505169CD60100831BDB /* Localizable.strings in Resources */,
			);
			runOnlyForDeploymentPostprocessing = 0;
		};
		1ABDBA8C169AFF0200846E17 /* Resources */ = {
			isa = PBXResourcesBuildPhase;
			buildActionMask = 2147483647;
			files = (
				1ABDBA9A169AFF0200846E17 /* InfoPlist.strings in Resources */,
				1A304A5A169E21B200DB0DF0 /* Localizable.strings in Resources */,
			);
			runOnlyForDeploymentPostprocessing = 0;
		};
/* End PBXResourcesBuildPhase section */

/* Begin PBXSourcesBuildPhase section */
		1ABDBA6A169AFF0100846E17 /* Sources */ = {
			isa = PBXSourcesBuildPhase;
			buildActionMask = 2147483647;
			files = (
				1ABDBA7F169AFF0100846E17 /* main.m in Sources */,
				1ABDBA86169AFF0100846E17 /* JATAppDelegate.m in Sources */,
				1ABDBAA8169B019000846E17 /* JATemplateCore.m in Sources */,
				1AD41C1216ADDE2100E72D89 /* JATemplateDefaultOperators.m in Sources */,
			);
			runOnlyForDeploymentPostprocessing = 0;
		};
		1ABDBA8A169AFF0200846E17 /* Sources */ = {
			isa = PBXSourcesBuildPhase;
			buildActionMask = 2147483647;
			files = (
				1ABDBAA9169B019000846E17 /* JATemplateCore.m in Sources */,
				1AD41C1316ADDE2100E72D89 /* JATemplateDefaultOperators.m in Sources */,
				1ABDBA9D169AFF0200846E17 /* JATemplateTests.m in Sources */,
				1A304A59169E17F300DB0DF0 /* JATemplateOperatorTests.m in Sources */,
				1A3AA4CC16BC345E00399FD5 /* JATemplateCastTests.m in Sources */,
				1A3AA4CE16BC350800399FD5 /* JATemplateCastTestsCpp.mm in Sources */,
			);
			runOnlyForDeploymentPostprocessing = 0;
		};
		1AD4298016AFE06700ED323A /* Sources */ = {
			isa = PBXSourcesBuildPhase;
			buildActionMask = 2147483647;
			files = (
				1AD4299516AFE15900ED323A /* JATConstructFuzzTest.m in Sources */,
				1AD4299616AFE1D600ED323A /* JATemplateCore.m in Sources */,
				1AD4299716AFE1D900ED323A /* JATemplateDefaultOperators.m in Sources */,
				1AD429AE16B0897000ED323A /* BenignFuzzer.m in Sources */,
			);
			runOnlyForDeploymentPostprocessing = 0;
		};
		1AD4299E16B086E300ED323A /* Sources */ = {
			isa = PBXSourcesBuildPhase;
			buildActionMask = 2147483647;
			files = (
				1AD429A016B086E300ED323A /* JATConstructFuzzTest.m in Sources */,
				1AD429A116B086E300ED323A /* JATemplateCore.m in Sources */,
				1AD429A216B086E300ED323A /* JATemplateDefaultOperators.m in Sources */,
				1AD429AD16B0872600ED323A /* MalignFuzzer.m in Sources */,
			);
			runOnlyForDeploymentPostprocessing = 0;
		};
/* End PBXSourcesBuildPhase section */

/* Begin PBXTargetDependency section */
		1ABDBA94169AFF0200846E17 /* PBXTargetDependency */ = {
			isa = PBXTargetDependency;
			target = 1ABDBA6D169AFF0100846E17 /* JATemplate */;
			targetProxy = 1ABDBA93169AFF0200846E17 /* PBXContainerItemProxy */;
		};
/* End PBXTargetDependency section */

/* Begin PBXVariantGroup section */
		1ABDBA7B169AFF0100846E17 /* InfoPlist.strings */ = {
			isa = PBXVariantGroup;
			children = (
				1ABDBA7C169AFF0100846E17 /* en */,
			);
			name = InfoPlist.strings;
			sourceTree = "<group>";
		};
		1ABDBA81169AFF0100846E17 /* Credits.rtf */ = {
			isa = PBXVariantGroup;
			children = (
				1ABDBA82169AFF0100846E17 /* en */,
			);
			name = Credits.rtf;
			sourceTree = "<group>";
		};
		1ABDBA87169AFF0100846E17 /* MainMenu.xib */ = {
			isa = PBXVariantGroup;
			children = (
				1ABDBA88169AFF0100846E17 /* en */,
			);
			name = MainMenu.xib;
			sourceTree = "<group>";
		};
		1ABDBA98169AFF0200846E17 /* InfoPlist.strings */ = {
			isa = PBXVariantGroup;
			children = (
				1ABDBA99169AFF0200846E17 /* en */,
			);
			name = InfoPlist.strings;
			sourceTree = "<group>";
		};
		1AF27503169CD60100831BDB /* Localizable.strings */ = {
			isa = PBXVariantGroup;
			children = (
				1AF27504169CD60100831BDB /* en */,
			);
			name = Localizable.strings;
			sourceTree = "<group>";
		};
/* End PBXVariantGroup section */

/* Begin XCBuildConfiguration section */
		1ABDBA9E169AFF0200846E17 /* Debug */ = {
			isa = XCBuildConfiguration;
			buildSettings = {
				ALWAYS_SEARCH_USER_PATHS = NO;
				CLANG_CXX_LANGUAGE_STANDARD = "gnu++0x";
				CLANG_CXX_LIBRARY = "libc++";
				CLANG_ENABLE_OBJC_ARC = YES;
				CLANG_WARN_BLOCK_CAPTURE_AUTORELEASING = YES;
				CLANG_WARN_BOOL_CONVERSION = YES;
				CLANG_WARN_COMMA = YES;
				CLANG_WARN_CONSTANT_CONVERSION = YES;
				CLANG_WARN_EMPTY_BODY = YES;
				CLANG_WARN_ENUM_CONVERSION = YES;
				CLANG_WARN_INFINITE_RECURSION = YES;
				CLANG_WARN_INT_CONVERSION = YES;
				CLANG_WARN_NON_LITERAL_NULL_CONVERSION = YES;
				CLANG_WARN_OBJC_LITERAL_CONVERSION = YES;
				CLANG_WARN_RANGE_LOOP_ANALYSIS = YES;
				CLANG_WARN_STRICT_PROTOTYPES = YES;
				CLANG_WARN_SUSPICIOUS_MOVE = YES;
				CLANG_WARN_UNREACHABLE_CODE = YES;
				CLANG_WARN__DUPLICATE_METHOD_MATCH = YES;
				COPY_PHASE_STRIP = NO;
				ENABLE_STRICT_OBJC_MSGSEND = YES;
				ENABLE_TESTABILITY = YES;
				GCC_C_LANGUAGE_STANDARD = gnu99;
				GCC_DYNAMIC_NO_PIC = NO;
				GCC_ENABLE_OBJC_EXCEPTIONS = YES;
				GCC_NO_COMMON_BLOCKS = YES;
				GCC_OPTIMIZATION_LEVEL = 0;
				GCC_PREPROCESSOR_DEFINITIONS = (
					"DEBUG=1",
					"$(inherited)",
				);
				GCC_SYMBOLS_PRIVATE_EXTERN = NO;
				GCC_WARN_64_TO_32_BIT_CONVERSION = YES;
				GCC_WARN_ABOUT_RETURN_TYPE = YES;
				GCC_WARN_UNDECLARED_SELECTOR = YES;
				GCC_WARN_UNINITIALIZED_AUTOS = YES;
				GCC_WARN_UNUSED_FUNCTION = YES;
				GCC_WARN_UNUSED_VARIABLE = YES;
				MACOSX_DEPLOYMENT_TARGET = 10.8;
				ONLY_ACTIVE_ARCH = YES;
				RUN_CLANG_STATIC_ANALYZER = YES;
				SDKROOT = macosx;
				WARNING_CFLAGS = (
					"-Weverything",
					"-Werror=all",
					"-Werror=extra",
					"-Wno-unused-parameter",
					"-Wno-gnu",
					"-Wno-vla",
					"-Wno-objc-missing-property-synthesis",
				);
			};
			name = Debug;
		};
		1ABDBA9F169AFF0200846E17 /* Release */ = {
			isa = XCBuildConfiguration;
			buildSettings = {
				ALWAYS_SEARCH_USER_PATHS = NO;
				CLANG_CXX_LANGUAGE_STANDARD = "gnu++0x";
				CLANG_CXX_LIBRARY = "libc++";
				CLANG_ENABLE_OBJC_ARC = YES;
				CLANG_WARN_BLOCK_CAPTURE_AUTORELEASING = YES;
				CLANG_WARN_BOOL_CONVERSION = YES;
				CLANG_WARN_COMMA = YES;
				CLANG_WARN_CONSTANT_CONVERSION = YES;
				CLANG_WARN_EMPTY_BODY = YES;
				CLANG_WARN_ENUM_CONVERSION = YES;
				CLANG_WARN_INFINITE_RECURSION = YES;
				CLANG_WARN_INT_CONVERSION = YES;
				CLANG_WARN_NON_LITERAL_NULL_CONVERSION = YES;
				CLANG_WARN_OBJC_LITERAL_CONVERSION = YES;
				CLANG_WARN_RANGE_LOOP_ANALYSIS = YES;
				CLANG_WARN_STRICT_PROTOTYPES = YES;
				CLANG_WARN_SUSPICIOUS_MOVE = YES;
				CLANG_WARN_UNREACHABLE_CODE = YES;
				CLANG_WARN__DUPLICATE_METHOD_MATCH = YES;
				COPY_PHASE_STRIP = YES;
				DEBUG_INFORMATION_FORMAT = "dwarf-with-dsym";
				ENABLE_STRICT_OBJC_MSGSEND = YES;
				GCC_C_LANGUAGE_STANDARD = gnu99;
				GCC_ENABLE_OBJC_EXCEPTIONS = YES;
				GCC_NO_COMMON_BLOCKS = YES;
				GCC_WARN_64_TO_32_BIT_CONVERSION = YES;
				GCC_WARN_ABOUT_RETURN_TYPE = YES;
				GCC_WARN_UNDECLARED_SELECTOR = YES;
				GCC_WARN_UNINITIALIZED_AUTOS = YES;
				GCC_WARN_UNUSED_FUNCTION = YES;
				GCC_WARN_UNUSED_VARIABLE = YES;
				MACOSX_DEPLOYMENT_TARGET = 10.8;
				RUN_CLANG_STATIC_ANALYZER = YES;
				SDKROOT = macosx;
				WARNING_CFLAGS = (
					"-Weverything",
					"-Werror=all",
					"-Werror=extra",
					"-Wno-unused-parameter",
					"-Wno-gnu",
					"-Wno-vla",
					"-Wno-objc-missing-property-synthesis",
				);
			};
			name = Release;
		};
		1ABDBAA1169AFF0200846E17 /* Debug */ = {
			isa = XCBuildConfiguration;
			buildSettings = {
				COMBINE_HIDPI_IMAGES = YES;
				GCC_PRECOMPILE_PREFIX_HEADER = YES;
				GCC_PREFIX_HEADER = "TestApp/JATemplate-Prefix.pch";
				INFOPLIST_FILE = "TestApp/JATemplate-Info.plist";
				OTHER_CFLAGS = "-fmacro-backtrace-limit=0";
				PRODUCT_BUNDLE_IDENTIFIER = "se.ayton.jens.${PRODUCT_NAME:rfc1034identifier}";
				PRODUCT_NAME = "$(TARGET_NAME)";
				WARNING_CFLAGS = (
					"$(inherited)",
					"-Wno-objc-interface-ivars",
				);
				WRAPPER_EXTENSION = app;
			};
			name = Debug;
		};
		1ABDBAA2169AFF0200846E17 /* Release */ = {
			isa = XCBuildConfiguration;
			buildSettings = {
				COMBINE_HIDPI_IMAGES = YES;
				GCC_PRECOMPILE_PREFIX_HEADER = YES;
				GCC_PREFIX_HEADER = "TestApp/JATemplate-Prefix.pch";
				INFOPLIST_FILE = "TestApp/JATemplate-Info.plist";
				OTHER_CFLAGS = "-fmacro-backtrace-limit=0";
				PRODUCT_BUNDLE_IDENTIFIER = "se.ayton.jens.${PRODUCT_NAME:rfc1034identifier}";
				PRODUCT_NAME = "$(TARGET_NAME)";
				WARNING_CFLAGS = (
					"$(inherited)",
					"-Wno-objc-interface-ivars",
				);
				WRAPPER_EXTENSION = app;
			};
			name = Release;
		};
		1ABDBAA4169AFF0200846E17 /* Debug */ = {
			isa = XCBuildConfiguration;
			buildSettings = {
				COMBINE_HIDPI_IMAGES = YES;
				FRAMEWORK_SEARCH_PATHS = "\"$(DEVELOPER_LIBRARY_DIR)/Frameworks\"";
				GCC_PRECOMPILE_PREFIX_HEADER = YES;
				GCC_PREFIX_HEADER = "JATemplateTests/JATemplateTests-Prefix.pch";
				INFOPLIST_FILE = "JATemplateTests/JATemplateTests-Info.plist";
				PRODUCT_BUNDLE_IDENTIFIER = "se.ayton.jens.${PRODUCT_NAME:rfc1034identifier}";
				PRODUCT_NAME = "$(TARGET_NAME)";
				WARNING_CFLAGS = (
					"$(inherited)",
					"-Wno-objc-interface-ivars",
					"-Wno-unused-macros",
					"-Wno-disabled-macro-expansion",
					"-Wno-c++98-compat-pedantic",
				);
				WRAPPER_EXTENSION = xctest;
			};
			name = Debug;
		};
		1ABDBAA5169AFF0200846E17 /* Release */ = {
			isa = XCBuildConfiguration;
			buildSettings = {
				COMBINE_HIDPI_IMAGES = YES;
				FRAMEWORK_SEARCH_PATHS = "\"$(DEVELOPER_LIBRARY_DIR)/Frameworks\"";
				GCC_PRECOMPILE_PREFIX_HEADER = YES;
				GCC_PREFIX_HEADER = "JATemplateTests/JATemplateTests-Prefix.pch";
				INFOPLIST_FILE = "JATemplateTests/JATemplateTests-Info.plist";
				PRODUCT_BUNDLE_IDENTIFIER = "se.ayton.jens.${PRODUCT_NAME:rfc1034identifier}";
				PRODUCT_NAME = "$(TARGET_NAME)";
				WARNING_CFLAGS = (
					"$(inherited)",
					"-Wno-objc-interface-ivars",
					"-Wno-unused-macros",
					"-Wno-disabled-macro-expansion",
					"-Wno-c++98-compat-pedantic",
				);
				WRAPPER_EXTENSION = xctest;
			};
			name = Release;
		};
		1AD4298F16AFE06700ED323A /* Debug */ = {
			isa = XCBuildConfiguration;
			buildSettings = {
				GCC_PRECOMPILE_PREFIX_HEADER = YES;
				GCC_PREFIX_HEADER = "JATemplateFuzzTests/JATemplateFuzzer-Prefix.pch";
				MACOSX_DEPLOYMENT_TARGET = 10.8;
				OTHER_CFLAGS = "-fobjc-arc-exceptions";
				PRODUCT_NAME = "$(TARGET_NAME)";
			};
			name = Debug;
		};
		1AD4299016AFE06700ED323A /* Release */ = {
			isa = XCBuildConfiguration;
			buildSettings = {
				GCC_PRECOMPILE_PREFIX_HEADER = YES;
				GCC_PREFIX_HEADER = "JATemplateFuzzTests/JATemplateFuzzer-Prefix.pch";
				MACOSX_DEPLOYMENT_TARGET = 10.8;
				OTHER_CFLAGS = "-fobjc-arc-exceptions";
				PRODUCT_NAME = "$(TARGET_NAME)";
			};
			name = Release;
		};
		1AD429A716B086E300ED323A /* Debug */ = {
			isa = XCBuildConfiguration;
			buildSettings = {
				GCC_PRECOMPILE_PREFIX_HEADER = YES;
				GCC_PREFIX_HEADER = "JATemplateFuzzTests/JATemplateFuzzer-Prefix.pch";
				GCC_PREPROCESSOR_DEFINITIONS = (
					"JATEMPLATE_SYNTAX_WARNINGS=0",
					"$(inherited)",
				);
				MACOSX_DEPLOYMENT_TARGET = 10.8;
				OTHER_CFLAGS = "-fobjc-arc-exceptions";
				PRODUCT_NAME = JATemplateMalignFuzzer;
			};
			name = Debug;
		};
		1AD429A816B086E300ED323A /* Release */ = {
			isa = XCBuildConfiguration;
			buildSettings = {
				GCC_PRECOMPILE_PREFIX_HEADER = YES;
				GCC_PREFIX_HEADER = "JATemplateFuzzTests/JATemplateFuzzer-Prefix.pch";
				GCC_PREPROCESSOR_DEFINITIONS = (
					"JATEMPLATE_SYNTAX_WARNINGS=0",
					"$(inherited)",
				);
				MACOSX_DEPLOYMENT_TARGET = 10.8;
				OTHER_CFLAGS = "-fobjc-arc-exceptions";
				PRODUCT_NAME = JATemplateMalignFuzzer;
			};
			name = Release;
		};
/* End XCBuildConfiguration section */

/* Begin XCConfigurationList section */
		1ABDBA68169AFF0100846E17 /* Build configuration list for PBXProject "JATemplate" */ = {
			isa = XCConfigurationList;
			buildConfigurations = (
				1ABDBA9E169AFF0200846E17 /* Debug */,
				1ABDBA9F169AFF0200846E17 /* Release */,
			);
			defaultConfigurationIsVisible = 0;
			defaultConfigurationName = Release;
		};
		1ABDBAA0169AFF0200846E17 /* Build configuration list for PBXNativeTarget "JATemplate" */ = {
			isa = XCConfigurationList;
			buildConfigurations = (
				1ABDBAA1169AFF0200846E17 /* Debug */,
				1ABDBAA2169AFF0200846E17 /* Release */,
			);
			defaultConfigurationIsVisible = 0;
			defaultConfigurationName = Release;
		};
		1ABDBAA3169AFF0200846E17 /* Build configuration list for PBXNativeTarget "JATemplateTests" */ = {
			isa = XCConfigurationList;
			buildConfigurations = (
				1ABDBAA4169AFF0200846E17 /* Debug */,
				1ABDBAA5169AFF0200846E17 /* Release */,
			);
			defaultConfigurationIsVisible = 0;
			defaultConfigurationName = Release;
		};
		1AD4299116AFE06700ED323A /* Build configuration list for PBXNativeTarget "JATemplateBenignFuzzer" */ = {
			isa = XCConfigurationList;
			buildConfigurations = (
				1AD4298F16AFE06700ED323A /* Debug */,
				1AD4299016AFE06700ED323A /* Release */,
			);
			defaultConfigurationIsVisible = 0;
			defaultConfigurationName = Release;
		};
		1AD429A616B086E300ED323A /* Build configuration list for PBXNativeTarget "JATemplateMalignFuzzer" */ = {
			isa = XCConfigurationList;
			buildConfigurations = (
				1AD429A716B086E300ED323A /* Debug */,
				1AD429A816B086E300ED323A /* Release */,
			);
			defaultConfigurationIsVisible = 0;
			defaultConfigurationName = Release;
		};
/* End XCConfigurationList section */
	};
	rootObject = 1ABDBA65169AFF0100846E17 /* Project object */;
}
